
Microsoft Visual Studio Solution File, Format Version 12.00
# Visual Studio Version 17
VisualStudioVersion = 17.5.33530.505
MinimumVisualStudioVersion = 10.0.40219.1
Project("{FAE04EC0-301F-11D3-BF4B-00C04F79EFBC}") = "lab5_isis_calculator", "lab5_isis_calculator\lab5_isis_calculator.csproj", "{6EEB9684-3E92-414D-A87B-7C25672EE036}"
EndProject
Global
	GlobalSection(SolutionConfigurationPlatforms) = preSolution
		Debug|Any CPU = Debug|Any CPU
		Release|Any CPU = Release|Any CPU
	EndGlobalSection
	GlobalSection(ProjectConfigurationPlatforms) = postSolution
		{6EEB9684-3E92-414D-A87B-7C25672EE036}.Debug|Any CPU.ActiveCfg = Debug|Any CPU
		{6EEB9684-3E92-414D-A87B-7C25672EE036}.Debug|Any CPU.Build.0 = Debug|Any CPU
		{6EEB9684-3E92-414D-A87B-7C25672EE036}.Release|Any CPU.ActiveCfg = Release|Any CPU
		{6EEB9684-3E92-414D-A87B-7C25672EE036}.Release|Any CPU.Build.0 = Release|Any CPU
	EndGlobalSection
	GlobalSection(SolutionProperties) = preSolution
		HideSolutionNode = FALSE
	EndGlobalSection
	GlobalSection(ExtensibilityGlobals) = postSolution
		SolutionGuid = {696C9974-301B-4F17-B2B9-51F2E0BD35CA}
	EndGlobalSection
EndGlobal
